PODS:
  - Apptimize (2.9.4)
  - Bolts (1.2.0):
    - Bolts/AppLinks (= 1.2.0)
    - Bolts/Tasks (= 1.2.0)
  - Bolts/AppLinks (1.2.0):
    - Bolts/Tasks
  - Bolts/Tasks (1.2.0)
  - Facebook-iOS-SDK (3.23.2):
    - Bolts (~> 1.0)
  - Parse (1.8.0):
    - Bolts/Tasks (>= 1.2.0)
  - SDWebImage (3.7.3):
    - SDWebImage/Core (= 3.7.3)
  - SDWebImage/Core (3.7.3)
  - VevoSDK_Internal (3.2.14)

DEPENDENCIES:
  - Apptimize (= 2.9.4)
  - Facebook-iOS-SDK (~> 3.23)
  - Parse (~> 1.6)
  - SDWebImage (~> 3.7)
  - VevoSDK_Internal (from `~/Desktop/iOS_SDK`)

EXTERNAL SOURCES:
  VevoSDK_Internal:
    :path: ~/Desktop/iOS_SDK

SPEC CHECKSUMS:
  Apptimize: d855d28f9e16febcb4043fd45a0f61998c4f5ccb
  Bolts: d176cb1e0012175589e389a9db49b85e27787576
  Facebook-iOS-SDK: cd87f0b2f0c1d9574b44e8fa2baacc275524bac3
  Parse: 6ea05adb378fbfd6f8726ab67ef74330d96fc903
  SDWebImage: 1d2b1a1efda1ade1b00b6f8498865f8ddedc8a84
  VevoSDK_Internal: 4b99ae2a17d2f5ab2dfb4a2b15ffc9b2bcc467fe

COCOAPODS: 0.36.1
